// !$*UTF8*$!
{
	archiveVersion = 1;
	classes = {
	};
	objectVersion = 56;
	objects = {

/* Begin PBXBuildFile section */
		55FA995829D41B40002B2144 /* Infinite_CarouselApp.swift in Sources */ = {isa = PBXBuildFile; fileRef = 55FA995729D41B40002B2144 /* Infinite_CarouselApp.swift */; };
		55FA995A29D41B40002B2144 /* ContentView.swift in Sources */ = {isa = PBXBuildFile; fileRef = 55FA995929D41B40002B2144 /* ContentView.swift */; };
		55FA995C29D41B42002B2144 /* Assets.xcassets in Resources */ = {isa = PBXBuildFile; fileRef = 55FA995B29D41B42002B2144 /* Assets.xcassets */; };
		55FA995F29D41B42002B2144 /* Preview Assets.xcassets in Resources */ = {isa = PBXBuildFile; fileRef = 55FA995E29D41B42002B2144 /* Preview Assets.xcassets */; };
		55FA996729D42276002B2144 /* Main.swift in Sources */ = {isa = PBXBuildFile; fileRef = 55FA996629D42276002B2144 /* Main.swift */; };
		55FA996929D42348002B2144 /* Model.swift in Sources */ = {isa = PBXBuildFile; fileRef = 55FA996829D42348002B2144 /* Model.swift */; };
		55FA996C29D42858002B2144 /* OffsetReader.swift in Sources */ = {isa = PBXBuildFile; fileRef = 55FA996B29D42858002B2144 /* OffsetReader.swift */; };
		55FA996F29D42FB6002B2144 /* PageControl.swift in Sources */ = {isa = PBXBuildFile; fileRef = 55FA996E29D42FB6002B2144 /* PageControl.swift */; };
/* End PBXBuildFile section */

/* Begin PBXFileReference section */
		55FA995429D41B40002B2144 /* Infinite Carousel.app */ = {isa = PBXFileReference; explicitFileType = wrapper.application; includeInIndex = 0; path = "Infinite Carousel.app"; sourceTree = BUILT_PRODUCTS_DIR; };
		55FA995729D41B40002B2144 /* Infinite_CarouselApp.swift */ = {isa = PBXFileReference; lastKnownFileType = sourcecode.swift; path = Infinite_CarouselApp.swift; sourceTree = "<group>"; };
		55FA995929D41B40002B2144 /* ContentView.swift */ = {isa = PBXFileReference; lastKnownFileType = sourcecode.swift; path = ContentView.swift; sourceTree = "<group>"; };
		55FA995B29D41B42002B2144 /* Assets.xcassets */ = {isa = PBXFileReference; lastKnownFileType = folder.assetcatalog; path = Assets.xcassets; sourceTree = "<group>"; };
		55FA995E29D41B42002B2144 /* Preview Assets.xcassets */ = {isa = PBXFileReference; lastKnownFileType = folder.assetcatalog; path = "Preview Assets.xcassets"; sourceTree = "<group>"; };
		55FA996629D42276002B2144 /* Main.swift */ = {isa = PBXFileReference; lastKnownFileType = sourcecode.swift; path = Main.swift; sourceTree = "<group>"; };
		55FA996829D42348002B2144 /* Model.swift */ = {isa = PBXFileReference; lastKnownFileType = sourcecode.swift; path = Model.swift; sourceTree = "<group>"; };
		55FA996B29D42858002B2144 /* OffsetReader.swift */ = {isa = PBXFileReference; lastKnownFileType = sourcecode.swift; path = OffsetReader.swift; sourceTree = "<group>"; };
		55FA996E29D42FB6002B2144 /* PageControl.swift */ = {isa = PBXFileReference; lastKnownFileType = sourcecode.swift; path = PageControl.swift; sourceTree = "<group>"; };
/* End PBXFileReference section */

/* Begin PBXFrameworksBuildPhase section */
		55FA995129D41B40002B2144 /* Frameworks */ = {
			isa = PBXFrameworksBuildPhase;
			buildActionMask = 2147483647;
			files = (
			);
			runOnlyForDeploymentPostprocessing = 0;
		};
/* End PBXFrameworksBuildPhase section */

/* Begin PBXGroup section */
		55FA994B29D41B40002B2144 = {
			isa = PBXGroup;
			children = (
				55FA995629D41B40002B2144 /* Infinite Carousel */,
				55FA995529D41B40002B2144 /* Products */,
			);
			sourceTree = "<group>";
		};
		55FA995529D41B40002B2144 /* Products */ = {
			isa = PBXGroup;
			children = (
				55FA995429D41B40002B2144 /* Infinite Carousel.app */,
			);
			name = Products;
			sourceTree = "<group>";
		};
		55FA995629D41B40002B2144 /* Infinite Carousel */ = {
			isa = PBXGroup;
			children = (
				55FA995729D41B40002B2144 /* Infinite_CarouselApp.swift */,
				55FA995929D41B40002B2144 /* ContentView.swift */,
				55FA996D29D42863002B2144 /* Utils */,
				55FA996A29D4234C002B2144 /* Model */,
				55FA996529D42259002B2144 /* View */,
				55FA995B29D41B42002B2144 /* Assets.xcassets */,
				55FA995D29D41B42002B2144 /* Preview Content */,
			);
			path = "Infinite Carousel";
			sourceTree = "<group>";
		};
		55FA995D29D41B42002B2144 /* Preview Content */ = {
			isa = PBXGroup;
			children = (
				55FA995E29D41B42002B2144 /* Preview Assets.xcassets */,
			);
			path = "Preview Content";
			sourceTree = "<group>";
		};
		55FA996529D42259002B2144 /* View */ = {
			isa = PBXGroup;
			children = (
				55FA996629D42276002B2144 /* Main.swift */,
				55FA996E29D42FB6002B2144 /* PageControl.swift */,
			);
			path = View;
			sourceTree = "<group>";
		};
		55FA996A29D4234C002B2144 /* Model */ = {
			isa = PBXGroup;
			children = (
				55FA996829D42348002B2144 /* Model.swift */,
			);
			path = Model;
			sourceTree = "<group>";
		};
		55FA996D29D42863002B2144 /* Utils */ = {
			isa = PBXGroup;
			children = (
				55FA996B29D42858002B2144 /* OffsetReader.swift */,
			);
			path = Utils;
			sourceTree = "<group>";
		};
/* End PBXGroup section */

/* Begin PBXNativeTarget section */
		55FA995329D41B40002B2144 /* Infinite Carousel */ = {
			isa = PBXNativeTarget;
			buildConfigurationList = 55FA996229D41B42002B2144 /* Build configuration list for PBXNativeTarget "Infinite Carousel" */;
			buildPhases = (
				55FA995029D41B40002B2144 /* Sources */,
				55FA995129D41B40002B2144 /* Frameworks */,
				55FA995229D41B40002B2144 /* Resources */,
			);
			buildRules = (
			);
			dependencies = (
			);
			name = "Infinite Carousel";
			productName = "Infinite Carousel";
			productReference = 55FA995429D41B40002B2144 /* Infinite Carousel.app */;
			productType = "com.apple.product-type.application";
		};
/* End PBXNativeTarget section */

/* Begin PBXProject section */
		55FA994C29D41B40002B2144 /* Project object */ = {
			isa = PBXProject;
			attributes = {
				BuildIndependentTargetsInParallel = 1;
				LastSwiftUpdateCheck = 1420;
				LastUpgradeCheck = 1420;
				TargetAttributes = {
					55FA995329D41B40002B2144 = {
						CreatedOnToolsVersion = 14.2;
					};
				};
			};
			buildConfigurationList = 55FA994F29D41B40002B2144 /* Build configuration list for PBXProject "Infinite Carousel" */;
			compatibilityVersion = "Xcode 14.0";
			developmentRegion = en;
			hasScannedForEncodings = 0;
			knownRegions = (
				en,
				Base,
			);
			mainGroup = 55FA994B29D41B40002B2144;
			productRefGroup = 55FA995529D41B40002B2144 /* Products */;
			projectDirPath = "";
			projectRoot = "";
			targets = (
				55FA995329D41B40002B2144 /* Infinite Carousel */,
			);
		};
/* End PBXProject section */

/* Begin PBXResourcesBuildPhase section */
		55FA995229D41B40002B2144 /* Resources */ = {
			isa = PBXResourcesBuildPhase;
			buildActionMask = 2147483647;
			files = (
				55FA995F29D41B42002B2144 /* Preview Assets.xcassets in Resources */,
				55FA995C29D41B42002B2144 /* Assets.xcassets in Resources */,
			);
			runOnlyForDeploymentPostprocessing = 0;
		};
/* End PBXResourcesBuildPhase section */

/* Begin PBXSourcesBuildPhase section */
		55FA995029D41B40002B2144 /* Sources */ = {
			isa = PBXSourcesBuildPhase;
			buildActionMask = 2147483647;
			files = (
				55FA996729D42276002B2144 /* Main.swift in Sources */,
				55FA996C29D42858002B2144 /* OffsetReader.swift in Sources */,
				55FA996F29D42FB6002B2144 /* PageControl.swift in Sources */,
				55FA995A29D41B40002B2144 /* ContentView.swift in Sources */,
				55FA995829D41B40002B2144 /* Infinite_CarouselApp.swift in Sources */,
				55FA996929D42348002B2144 /* Model.swift in Sources */,
			);
			runOnlyForDeploymentPostprocessing = 0;
		};
/* End PBXSourcesBuildPhase section */

/* Begin XCBuildConfiguration section */
		55FA996029D41B42002B2144 /* Debug */ = {
			isa = XCBuildConfiguration;
			buildSettings = {
				ALWAYS_SEARCH_USER_PATHS = NO;
				CLANG_ANALYZER_NONNULL = YES;
				CLANG_ANALYZER_NUMBER_OBJECT_CONVERSION = YES_AGGRESSIVE;
				CLANG_CXX_LANGUAGE_STANDARD = "gnu++20";
				CLANG_ENABLE_MODULES = YES;
				CLANG_ENABLE_OBJC_ARC = YES;
				CLANG_ENABLE_OBJC_WEAK = YES;
				CLANG_WARN_BLOCK_CAPTURE_AUTORELEASING = YES;
				CLANG_WARN_BOOL_CONVERSION = YES;
				CLANG_WARN_COMMA = YES;
				CLANG_WARN_CONSTANT_CONVERSION = YES;
				CLANG_WARN_DEPRECATED_OBJC_IMPLEMENTATIONS = YES;
				CLANG_WARN_DIRECT_OBJC_ISA_USAGE = YES_ERROR;
				CLANG_WARN_DOCUMENTATION_COMMENTS = YES;
				CLANG_WARN_EMPTY_BODY = YES;
				CLANG_WARN_ENUM_CONVERSION = YES;
				CLANG_WARN_INFINITE_RECURSION = YES;
				CLANG_WARN_INT_CONVERSION = YES;
				CLANG_WARN_NON_LITERAL_NULL_CONVERSION = YES;
				CLANG_WARN_OBJC_IMPLICIT_RETAIN_SELF = YES;
				CLANG_WARN_OBJC_LITERAL_CONVERSION = YES;
				CLANG_WARN_OBJC_ROOT_CLASS = YES_ERROR;
				CLANG_WARN_QUOTED_INCLUDE_IN_FRAMEWORK_HEADER = YES;
				CLANG_WARN_RANGE_LOOP_ANALYSIS = YES;
				CLANG_WARN_STRICT_PROTOTYPES = YES;
				CLANG_WARN_SUSPICIOUS_MOVE = YES;
				CLANG_WARN_UNGUARDED_AVAILABILITY = YES_AGGRESSIVE;
				CLANG_WARN_UNREACHABLE_CODE = YES;
				CLANG_WARN__DUPLICATE_METHOD_MATCH = YES;
				COPY_PHASE_STRIP = NO;
				DEBUG_INFORMATION_FORMAT = dwarf;
				ENABLE_STRICT_OBJC_MSGSEND = YES;
				ENABLE_TESTABILITY = YES;
				GCC_C_LANGUAGE_STANDARD = gnu11;
				GCC_DYNAMIC_NO_PIC = NO;
				GCC_NO_COMMON_BLOCKS = YES;
				GCC_OPTIMIZATION_LEVEL = 0;
				GCC_PREPROCESSOR_DEFINITIONS = (
					"DEBUG=1",
					"$(inherited)",
				);
				GCC_WARN_64_TO_32_BIT_CONVERSION = YES;
				GCC_WARN_ABOUT_RETURN_TYPE = YES_ERROR;
				GCC_WARN_UNDECLARED_SELECTOR = YES;
				GCC_WARN_UNINITIALIZED_AUTOS = YES_AGGRESSIVE;
				GCC_WARN_UNUSED_FUNCTION = YES;
				GCC_WARN_UNUSED_VARIABLE = YES;
				IPHONEOS_DEPLOYMENT_TARGET = 16.2;
				MTL_ENABLE_DEBUG_INFO = INCLUDE_SOURCE;
				MTL_FAST_MATH = YES;
				ONLY_ACTIVE_ARCH = YES;
				SDKROOT = iphoneos;
				SWIFT_ACTIVE_COMPILATION_CONDITIONS = DEBUG;
				SWIFT_OPTIMIZATION_LEVEL = "-Onone";
			};
			name = Debug;
		};
		55FA996129D41B42002B2144 /* Release */ = {
			isa = XCBuildConfiguration;
			buildSettings = {
				ALWAYS_SEARCH_USER_PATHS = NO;
				CLANG_ANALYZER_NONNULL = YES;
				CLANG_ANALYZER_NUMBER_OBJECT_CONVERSION = YES_AGGRESSIVE;
				CLANG_CXX_LANGUAGE_STANDARD = "gnu++20";
				CLANG_ENABLE_MODULES = YES;
				CLANG_ENABLE_OBJC_ARC = YES;
				CLANG_ENABLE_OBJC_WEAK = YES;
				CLANG_WARN_BLOCK_CAPTURE_AUTORELEASING = YES;
				CLANG_WARN_BOOL_CONVERSION = YES;
				CLANG_WARN_COMMA = YES;
				CLANG_WARN_CONSTANT_CONVERSION = YES;
				CLANG_WARN_DEPRECATED_OBJC_IMPLEMENTATIONS = YES;
				CLANG_WARN_DIRECT_OBJC_ISA_USAGE = YES_ERROR;
				CLANG_WARN_DOCUMENTATION_COMMENTS = YES;
				CLANG_WARN_EMPTY_BODY = YES;
				CLANG_WARN_ENUM_CONVERSION = YES;
				CLANG_WARN_INFINITE_RECURSION = YES;
				CLANG_WARN_INT_CONVERSION = YES;
				CLANG_WARN_NON_LITERAL_NULL_CONVERSION = YES;
				CLANG_WARN_OBJC_IMPLICIT_RETAIN_SELF = YES;
				CLANG_WARN_OBJC_LITERAL_CONVERSION = YES;
				CLANG_WARN_OBJC_ROOT_CLASS = YES_ERROR;
				CLANG_WARN_QUOTED_INCLUDE_IN_FRAMEWORK_HEADER = YES;
				CLANG_WARN_RANGE_LOOP_ANALYSIS = YES;
				CLANG_WARN_STRICT_PROTOTYPES = YES;
				CLANG_WARN_SUSPICIOUS_MOVE = YES;
				CLANG_WARN_UNGUARDED_AVAILABILITY = YES_AGGRESSIVE;
				CLANG_WARN_UNREACHABLE_CODE = YES;
				CLANG_WARN__DUPLICATE_METHOD_MATCH = YES;
				COPY_PHASE_STRIP = NO;
				DEBUG_INFORMATION_FORMAT = "dwarf-with-dsym";
				ENABLE_NS_ASSERTIONS = NO;
				ENABLE_STRICT_OBJC_MSGSEND = YES;
				GCC_C_LANGUAGE_STANDARD = gnu11;
				GCC_NO_COMMON_BLOCKS = YES;
				GCC_WARN_64_TO_32_BIT_CONVERSION = YES;
				GCC_WARN_ABOUT_RETURN_TYPE = YES_ERROR;
				GCC_WARN_UNDECLARED_SELECTOR = YES;
				GCC_WARN_UNINITIALIZED_AUTOS = YES_AGGRESSIVE;
				GCC_WARN_UNUSED_FUNCTION = YES;
				GCC_WARN_UNUSED_VARIABLE = YES;
				IPHONEOS_DEPLOYMENT_TARGET = 16.2;
				MTL_ENABLE_DEBUG_INFO = NO;
				MTL_FAST_MATH = YES;
				SDKROOT = iphoneos;
				SWIFT_COMPILATION_MODE = wholemodule;
				SWIFT_OPTIMIZATION_LEVEL = "-O";
				VALIDATE_PRODUCT = YES;
			};
			name = Release;
		};
		55FA996329D41B42002B2144 /* Debug */ = {
			isa = XCBuildConfiguration;
			buildSettings = {
				ASSETCATALOG_COMPILER_APPICON_NAME = AppIcon;
				ASSETCATALOG_COMPILER_GLOBAL_ACCENT_COLOR_NAME = AccentColor;
				CODE_SIGN_STYLE = Automatic;
				CURRENT_PROJECT_VERSION = 1;
				DEVELOPMENT_ASSET_PATHS = "\"Infinite Carousel/Preview Content\"";
				DEVELOPMENT_TEAM = 5TBSDRPR3Y;
				ENABLE_PREVIEWS = YES;
				GENERATE_INFOPLIST_FILE = YES;
				INFOPLIST_KEY_UIApplicationSceneManifest_Generation = YES;
				INFOPLIST_KEY_UIApplicationSupportsIndirectInputEvents = YES;
				INFOPLIST_KEY_UILaunchScreen_Generation = YES;
				INFOPLIST_KEY_UISupportedInterfaceOrientations_iPad = "UIInterfaceOrientationPortrait UIInterfaceOrientationPortraitUpsideDown UIInterfaceOrientationLandscapeLeft UIInterfaceOrientationLandscapeRight";
				INFOPLIST_KEY_UISupportedInterfaceOrientations_iPhone = "UIInterfaceOrientationPortrait UIInterfaceOrientationLandscapeLeft UIInterfaceOrientationLandscapeRight";
				LD_RUNPATH_SEARCH_PATHS = (
					"$(inherited)",
					"@executable_path/Frameworks",
				);
				MARKETING_VERSION = 1.0;
				PRODUCT_BUNDLE_IDENTIFIER = "com.georgeusynin174.Infinite-Carousel";
				PRODUCT_NAME = "$(TARGET_NAME)";
				SWIFT_EMIT_LOC_STRINGS = YES;
				SWIFT_VERSION = 5.0;
				TARGETED_DEVICE_FAMILY = "1,2";
			};
			name = Debug;
		};
		55FA996429D41B42002B2144 /* Release */ = {
			isa = XCBuildConfiguration;
			buildSettings = {
				ASSETCATALOG_COMPILER_APPICON_NAME = AppIcon;
				ASSETCATALOG_COMPILER_GLOBAL_ACCENT_COLOR_NAME = AccentColor;
				CODE_SIGN_STYLE = Automatic;
				CURRENT_PROJECT_VERSION = 1;
				DEVELOPMENT_ASSET_PATHS = "\"Infinite Carousel/Preview Content\"";
				DEVELOPMENT_TEAM = 5TBSDRPR3Y;
				ENABLE_PREVIEWS = YES;
				GENERATE_INFOPLIST_FILE = YES;
				INFOPLIST_KEY_UIApplicationSceneManifest_Generation = YES;
				INFOPLIST_KEY_UIApplicationSupportsIndirectInputEvents = YES;
				INFOPLIST_KEY_UILaunchScreen_Generation = YES;
				INFOPLIST_KEY_UISupportedInterfaceOrientations_iPad = "UIInterfaceOrientationPortrait UIInterfaceOrientationPortraitUpsideDown UIInterfaceOrientationLandscapeLeft UIInterfaceOrientationLandscapeRight";
				INFOPLIST_KEY_UISupportedInterfaceOrientations_iPhone = "UIInterfaceOrientationPortrait UIInterfaceOrientationLandscapeLeft UIInterfaceOrientationLandscapeRight";
				LD_RUNPATH_SEARCH_PATHS = (
					"$(inherited)",
					"@executable_path/Frameworks",
				);
				MARKETING_VERSION = 1.0;
				PRODUCT_BUNDLE_IDENTIFIER = "com.georgeusynin174.Infinite-Carousel";
				PRODUCT_NAME = "$(TARGET_NAME)";
				SWIFT_EMIT_LOC_STRINGS = YES;
				SWIFT_VERSION = 5.0;
				TARGETED_DEVICE_FAMILY = "1,2";
			};
			name = Release;
		};
/* End XCBuildConfiguration section */

/* Begin XCConfigurationList section */
		55FA994F29D41B40002B2144 /* Build configuration list for PBXProject "Infinite Carousel" */ = {
			isa = XCConfigurationList;
			buildConfigurations = (
				55FA996029D41B42002B2144 /* Debug */,
				55FA996129D41B42002B2144 /* Release */,
			);
			defaultConfigurationIsVisible = 0;
			defaultConfigurationName = Release;
		};
		55FA996229D41B42002B2144 /* Build configuration list for PBXNativeTarget "Infinite Carousel" */ = {
			isa = XCConfigurationList;
			buildConfigurations = (
				55FA996329D41B42002B2144 /* Debug */,
				55FA996429D41B42002B2144 /* Release */,
			);
			defaultConfigurationIsVisible = 0;
			defaultConfigurationName = Release;
		};
/* End XCConfigurationList section */
	};
	rootObject = 55FA994C29D41B40002B2144 /* Project object */;
}
