// !$*UTF8*$!
{
	archiveVersion = 1;
	classes = {
	};
	objectVersion = 55;
	objects = {

/* Begin PBXBuildFile section */
		554D698D26F9CD4D00CE42F7 /* Tests_iOS.swift in Sources */ = {isa = PBXBuildFile; fileRef = 554D698C26F9CD4D00CE42F7 /* Tests_iOS.swift */; };
		554D699726F9CD4D00CE42F7 /* Tests_macOS.swift in Sources */ = {isa = PBXBuildFile; fileRef = 554D699626F9CD4D00CE42F7 /* Tests_macOS.swift */; };
		554D699826F9CD4D00CE42F7 /* StraggeredGridAppApp.swift in Sources */ = {isa = PBXBuildFile; fileRef = 554D697626F9CD4C00CE42F7 /* StraggeredGridAppApp.swift */; };
		554D699926F9CD4D00CE42F7 /* StraggeredGridAppApp.swift in Sources */ = {isa = PBXBuildFile; fileRef = 554D697626F9CD4C00CE42F7 /* StraggeredGridAppApp.swift */; };
		554D699A26F9CD4D00CE42F7 /* ContentView.swift in Sources */ = {isa = PBXBuildFile; fileRef = 554D697726F9CD4C00CE42F7 /* ContentView.swift */; };
		554D699B26F9CD4D00CE42F7 /* ContentView.swift in Sources */ = {isa = PBXBuildFile; fileRef = 554D697726F9CD4C00CE42F7 /* ContentView.swift */; };
		554D699C26F9CD4D00CE42F7 /* Assets.xcassets in Resources */ = {isa = PBXBuildFile; fileRef = 554D697826F9CD4D00CE42F7 /* Assets.xcassets */; };
		554D699D26F9CD4D00CE42F7 /* Assets.xcassets in Resources */ = {isa = PBXBuildFile; fileRef = 554D697826F9CD4D00CE42F7 /* Assets.xcassets */; };
		554D69AD26F9CDE400CE42F7 /* Home.swift in Sources */ = {isa = PBXBuildFile; fileRef = 554D69AC26F9CDE400CE42F7 /* Home.swift */; };
		554D69B026F9CEA000CE42F7 /* StaggeredView.swift in Sources */ = {isa = PBXBuildFile; fileRef = 554D69AF26F9CEA000CE42F7 /* StaggeredView.swift */; };
		554D69B326FB279E00CE42F7 /* Post.swift in Sources */ = {isa = PBXBuildFile; fileRef = 554D69B226FB279E00CE42F7 /* Post.swift */; };
/* End PBXBuildFile section */

/* Begin PBXContainerItemProxy section */
		554D698926F9CD4D00CE42F7 /* PBXContainerItemProxy */ = {
			isa = PBXContainerItemProxy;
			containerPortal = 554D697126F9CD4B00CE42F7 /* Project object */;
			proxyType = 1;
			remoteGlobalIDString = 554D697C26F9CD4D00CE42F7;
			remoteInfo = "StraggeredGridApp (iOS)";
		};
		554D699326F9CD4D00CE42F7 /* PBXContainerItemProxy */ = {
			isa = PBXContainerItemProxy;
			containerPortal = 554D697126F9CD4B00CE42F7 /* Project object */;
			proxyType = 1;
			remoteGlobalIDString = 554D698226F9CD4D00CE42F7;
			remoteInfo = "StraggeredGridApp (macOS)";
		};
/* End PBXContainerItemProxy section */

/* Begin PBXFileReference section */
		554D697626F9CD4C00CE42F7 /* StraggeredGridAppApp.swift */ = {isa = PBXFileReference; lastKnownFileType = sourcecode.swift; path = StraggeredGridAppApp.swift; sourceTree = "<group>"; };
		554D697726F9CD4C00CE42F7 /* ContentView.swift */ = {isa = PBXFileReference; lastKnownFileType = sourcecode.swift; path = ContentView.swift; sourceTree = "<group>"; };
		554D697826F9CD4D00CE42F7 /* Assets.xcassets */ = {isa = PBXFileReference; lastKnownFileType = folder.assetcatalog; path = Assets.xcassets; sourceTree = "<group>"; };
		554D697D26F9CD4D00CE42F7 /* StraggeredGridApp.app */ = {isa = PBXFileReference; explicitFileType = wrapper.application; includeInIndex = 0; path = StraggeredGridApp.app; sourceTree = BUILT_PRODUCTS_DIR; };
		554D698326F9CD4D00CE42F7 /* StraggeredGridApp.app */ = {isa = PBXFileReference; explicitFileType = wrapper.application; includeInIndex = 0; path = StraggeredGridApp.app; sourceTree = BUILT_PRODUCTS_DIR; };
		554D698826F9CD4D00CE42F7 /* Tests iOS.xctest */ = {isa = PBXFileReference; explicitFileType = wrapper.cfbundle; includeInIndex = 0; path = "Tests iOS.xctest"; sourceTree = BUILT_PRODUCTS_DIR; };
		554D698C26F9CD4D00CE42F7 /* Tests_iOS.swift */ = {isa = PBXFileReference; lastKnownFileType = sourcecode.swift; path = Tests_iOS.swift; sourceTree = "<group>"; };
		554D699226F9CD4D00CE42F7 /* Tests macOS.xctest */ = {isa = PBXFileReference; explicitFileType = wrapper.cfbundle; includeInIndex = 0; path = "Tests macOS.xctest"; sourceTree = BUILT_PRODUCTS_DIR; };
		554D699626F9CD4D00CE42F7 /* Tests_macOS.swift */ = {isa = PBXFileReference; lastKnownFileType = sourcecode.swift; path = Tests_macOS.swift; sourceTree = "<group>"; };
		554D69AC26F9CDE400CE42F7 /* Home.swift */ = {isa = PBXFileReference; lastKnownFileType = sourcecode.swift; path = Home.swift; sourceTree = "<group>"; };
		554D69AF26F9CEA000CE42F7 /* StaggeredView.swift */ = {isa = PBXFileReference; lastKnownFileType = sourcecode.swift; path = StaggeredView.swift; sourceTree = "<group>"; };
		554D69B226FB279E00CE42F7 /* Post.swift */ = {isa = PBXFileReference; lastKnownFileType = sourcecode.swift; path = Post.swift; sourceTree = "<group>"; };
/* End PBXFileReference section */

/* Begin PBXFrameworksBuildPhase section */
		554D697A26F9CD4D00CE42F7 /* Frameworks */ = {
			isa = PBXFrameworksBuildPhase;
			buildActionMask = 2147483647;
			files = (
			);
			runOnlyForDeploymentPostprocessing = 0;
		};
		554D698026F9CD4D00CE42F7 /* Frameworks */ = {
			isa = PBXFrameworksBuildPhase;
			buildActionMask = 2147483647;
			files = (
			);
			runOnlyForDeploymentPostprocessing = 0;
		};
		554D698526F9CD4D00CE42F7 /* Frameworks */ = {
			isa = PBXFrameworksBuildPhase;
			buildActionMask = 2147483647;
			files = (
			);
			runOnlyForDeploymentPostprocessing = 0;
		};
		554D698F26F9CD4D00CE42F7 /* Frameworks */ = {
			isa = PBXFrameworksBuildPhase;
			buildActionMask = 2147483647;
			files = (
			);
			runOnlyForDeploymentPostprocessing = 0;
		};
/* End PBXFrameworksBuildPhase section */

/* Begin PBXGroup section */
		554D697026F9CD4B00CE42F7 = {
			isa = PBXGroup;
			children = (
				554D697526F9CD4C00CE42F7 /* Shared */,
				554D698B26F9CD4D00CE42F7 /* Tests iOS */,
				554D699526F9CD4D00CE42F7 /* Tests macOS */,
				554D697E26F9CD4D00CE42F7 /* Products */,
			);
			sourceTree = "<group>";
		};
		554D697526F9CD4C00CE42F7 /* Shared */ = {
			isa = PBXGroup;
			children = (
				554D69B126FB279100CE42F7 /* Model */,
				554D69AE26F9CDFE00CE42F7 /* View */,
				554D697626F9CD4C00CE42F7 /* StraggeredGridAppApp.swift */,
				554D697726F9CD4C00CE42F7 /* ContentView.swift */,
				554D697826F9CD4D00CE42F7 /* Assets.xcassets */,
			);
			path = Shared;
			sourceTree = "<group>";
		};
		554D697E26F9CD4D00CE42F7 /* Products */ = {
			isa = PBXGroup;
			children = (
				554D697D26F9CD4D00CE42F7 /* StraggeredGridApp.app */,
				554D698326F9CD4D00CE42F7 /* StraggeredGridApp.app */,
				554D698826F9CD4D00CE42F7 /* Tests iOS.xctest */,
				554D699226F9CD4D00CE42F7 /* Tests macOS.xctest */,
			);
			name = Products;
			sourceTree = "<group>";
		};
		554D698B26F9CD4D00CE42F7 /* Tests iOS */ = {
			isa = PBXGroup;
			children = (
				554D698C26F9CD4D00CE42F7 /* Tests_iOS.swift */,
			);
			path = "Tests iOS";
			sourceTree = "<group>";
		};
		554D699526F9CD4D00CE42F7 /* Tests macOS */ = {
			isa = PBXGroup;
			children = (
				554D699626F9CD4D00CE42F7 /* Tests_macOS.swift */,
			);
			path = "Tests macOS";
			sourceTree = "<group>";
		};
		554D69AE26F9CDFE00CE42F7 /* View */ = {
			isa = PBXGroup;
			children = (
				554D69AC26F9CDE400CE42F7 /* Home.swift */,
				554D69AF26F9CEA000CE42F7 /* StaggeredView.swift */,
			);
			path = View;
			sourceTree = "<group>";
		};
		554D69B126FB279100CE42F7 /* Model */ = {
			isa = PBXGroup;
			children = (
				554D69B226FB279E00CE42F7 /* Post.swift */,
			);
			path = Model;
			sourceTree = "<group>";
		};
/* End PBXGroup section */

/* Begin PBXNativeTarget section */
		554D697C26F9CD4D00CE42F7 /* StraggeredGridApp (iOS) */ = {
			isa = PBXNativeTarget;
			buildConfigurationList = 554D69A026F9CD4D00CE42F7 /* Build configuration list for PBXNativeTarget "StraggeredGridApp (iOS)" */;
			buildPhases = (
				554D697926F9CD4D00CE42F7 /* Sources */,
				554D697A26F9CD4D00CE42F7 /* Frameworks */,
				554D697B26F9CD4D00CE42F7 /* Resources */,
			);
			buildRules = (
			);
			dependencies = (
			);
			name = "StraggeredGridApp (iOS)";
			productName = "StraggeredGridApp (iOS)";
			productReference = 554D697D26F9CD4D00CE42F7 /* StraggeredGridApp.app */;
			productType = "com.apple.product-type.application";
		};
		554D698226F9CD4D00CE42F7 /* StraggeredGridApp (macOS) */ = {
			isa = PBXNativeTarget;
			buildConfigurationList = 554D69A326F9CD4D00CE42F7 /* Build configuration list for PBXNativeTarget "StraggeredGridApp (macOS)" */;
			buildPhases = (
				554D697F26F9CD4D00CE42F7 /* Sources */,
				554D698026F9CD4D00CE42F7 /* Frameworks */,
				554D698126F9CD4D00CE42F7 /* Resources */,
			);
			buildRules = (
			);
			dependencies = (
			);
			name = "StraggeredGridApp (macOS)";
			productName = "StraggeredGridApp (macOS)";
			productReference = 554D698326F9CD4D00CE42F7 /* StraggeredGridApp.app */;
			productType = "com.apple.product-type.application";
		};
		554D698726F9CD4D00CE42F7 /* Tests iOS */ = {
			isa = PBXNativeTarget;
			buildConfigurationList = 554D69A626F9CD4D00CE42F7 /* Build configuration list for PBXNativeTarget "Tests iOS" */;
			buildPhases = (
				554D698426F9CD4D00CE42F7 /* Sources */,
				554D698526F9CD4D00CE42F7 /* Frameworks */,
				554D698626F9CD4D00CE42F7 /* Resources */,
			);
			buildRules = (
			);
			dependencies = (
				554D698A26F9CD4D00CE42F7 /* PBXTargetDependency */,
			);
			name = "Tests iOS";
			productName = "Tests iOS";
			productReference = 554D698826F9CD4D00CE42F7 /* Tests iOS.xctest */;
			productType = "com.apple.product-type.bundle.ui-testing";
		};
		554D699126F9CD4D00CE42F7 /* Tests macOS */ = {
			isa = PBXNativeTarget;
			buildConfigurationList = 554D69A926F9CD4D00CE42F7 /* Build configuration list for PBXNativeTarget "Tests macOS" */;
			buildPhases = (
				554D698E26F9CD4D00CE42F7 /* Sources */,
				554D698F26F9CD4D00CE42F7 /* Frameworks */,
				554D699026F9CD4D00CE42F7 /* Resources */,
			);
			buildRules = (
			);
			dependencies = (
				554D699426F9CD4D00CE42F7 /* PBXTargetDependency */,
			);
			name = "Tests macOS";
			productName = "Tests macOS";
			productReference = 554D699226F9CD4D00CE42F7 /* Tests macOS.xctest */;
			productType = "com.apple.product-type.bundle.ui-testing";
		};
/* End PBXNativeTarget section */

/* Begin PBXProject section */
		554D697126F9CD4B00CE42F7 /* Project object */ = {
			isa = PBXProject;
			attributes = {
				BuildIndependentTargetsInParallel = 1;
				LastSwiftUpdateCheck = 1300;
				LastUpgradeCheck = 1300;
				TargetAttributes = {
					554D697C26F9CD4D00CE42F7 = {
						CreatedOnToolsVersion = 13.0;
					};
					554D698226F9CD4D00CE42F7 = {
						CreatedOnToolsVersion = 13.0;
					};
					554D698726F9CD4D00CE42F7 = {
						CreatedOnToolsVersion = 13.0;
						TestTargetID = 554D697C26F9CD4D00CE42F7;
					};
					554D699126F9CD4D00CE42F7 = {
						CreatedOnToolsVersion = 13.0;
						TestTargetID = 554D698226F9CD4D00CE42F7;
					};
				};
			};
			buildConfigurationList = 554D697426F9CD4B00CE42F7 /* Build configuration list for PBXProject "StraggeredGridApp" */;
			compatibilityVersion = "Xcode 13.0";
			developmentRegion = en;
			hasScannedForEncodings = 0;
			knownRegions = (
				en,
				Base,
			);
			mainGroup = 554D697026F9CD4B00CE42F7;
			productRefGroup = 554D697E26F9CD4D00CE42F7 /* Products */;
			projectDirPath = "";
			projectRoot = "";
			targets = (
				554D697C26F9CD4D00CE42F7 /* StraggeredGridApp (iOS) */,
				554D698226F9CD4D00CE42F7 /* StraggeredGridApp (macOS) */,
				554D698726F9CD4D00CE42F7 /* Tests iOS */,
				554D699126F9CD4D00CE42F7 /* Tests macOS */,
			);
		};
/* End PBXProject section */

/* Begin PBXResourcesBuildPhase section */
		554D697B26F9CD4D00CE42F7 /* Resources */ = {
			isa = PBXResourcesBuildPhase;
			buildActionMask = 2147483647;
			files = (
				554D699C26F9CD4D00CE42F7 /* Assets.xcassets in Resources */,
			);
			runOnlyForDeploymentPostprocessing = 0;
		};
		554D698126F9CD4D00CE42F7 /* Resources */ = {
			isa = PBXResourcesBuildPhase;
			buildActionMask = 2147483647;
			files = (
				554D699D26F9CD4D00CE42F7 /* Assets.xcassets in Resources */,
			);
			runOnlyForDeploymentPostprocessing = 0;
		};
		554D698626F9CD4D00CE42F7 /* Resources */ = {
			isa = PBXResourcesBuildPhase;
			buildActionMask = 2147483647;
			files = (
			);
			runOnlyForDeploymentPostprocessing = 0;
		};
		554D699026F9CD4D00CE42F7 /* Resources */ = {
			isa = PBXResourcesBuildPhase;
			buildActionMask = 2147483647;
			files = (
			);
			runOnlyForDeploymentPostprocessing = 0;
		};
/* End PBXResourcesBuildPhase section */

/* Begin PBXSourcesBuildPhase section */
		554D697926F9CD4D00CE42F7 /* Sources */ = {
			isa = PBXSourcesBuildPhase;
			buildActionMask = 2147483647;
			files = (
				554D699A26F9CD4D00CE42F7 /* ContentView.swift in Sources */,
				554D69AD26F9CDE400CE42F7 /* Home.swift in Sources */,
				554D699826F9CD4D00CE42F7 /* StraggeredGridAppApp.swift in Sources */,
				554D69B026F9CEA000CE42F7 /* StaggeredView.swift in Sources */,
				554D69B326FB279E00CE42F7 /* Post.swift in Sources */,
			);
			runOnlyForDeploymentPostprocessing = 0;
		};
		554D697F26F9CD4D00CE42F7 /* Sources */ = {
			isa = PBXSourcesBuildPhase;
			buildActionMask = 2147483647;
			files = (
				554D699B26F9CD4D00CE42F7 /* ContentView.swift in Sources */,
				554D699926F9CD4D00CE42F7 /* StraggeredGridAppApp.swift in Sources */,
			);
			runOnlyForDeploymentPostprocessing = 0;
		};
		554D698426F9CD4D00CE42F7 /* Sources */ = {
			isa = PBXSourcesBuildPhase;
			buildActionMask = 2147483647;
			files = (
				554D698D26F9CD4D00CE42F7 /* Tests_iOS.swift in Sources */,
			);
			runOnlyForDeploymentPostprocessing = 0;
		};
		554D698E26F9CD4D00CE42F7 /* Sources */ = {
			isa = PBXSourcesBuildPhase;
			buildActionMask = 2147483647;
			files = (
				554D699726F9CD4D00CE42F7 /* Tests_macOS.swift in Sources */,
			);
			runOnlyForDeploymentPostprocessing = 0;
		};
/* End PBXSourcesBuildPhase section */

/* Begin PBXTargetDependency section */
		554D698A26F9CD4D00CE42F7 /* PBXTargetDependency */ = {
			isa = PBXTargetDependency;
			target = 554D697C26F9CD4D00CE42F7 /* StraggeredGridApp (iOS) */;
			targetProxy = 554D698926F9CD4D00CE42F7 /* PBXContainerItemProxy */;
		};
		554D699426F9CD4D00CE42F7 /* PBXTargetDependency */ = {
			isa = PBXTargetDependency;
			target = 554D698226F9CD4D00CE42F7 /* StraggeredGridApp (macOS) */;
			targetProxy = 554D699326F9CD4D00CE42F7 /* PBXContainerItemProxy */;
		};
/* End PBXTargetDependency section */

/* Begin XCBuildConfiguration section */
		554D699E26F9CD4D00CE42F7 /* Debug */ = {
			isa = XCBuildConfiguration;
			buildSettings = {
				ALWAYS_SEARCH_USER_PATHS = NO;
				CLANG_ANALYZER_NONNULL = YES;
				CLANG_ANALYZER_NUMBER_OBJECT_CONVERSION = YES_AGGRESSIVE;
				CLANG_CXX_LANGUAGE_STANDARD = "gnu++17";
				CLANG_CXX_LIBRARY = "libc++";
				CLANG_ENABLE_MODULES = YES;
				CLANG_ENABLE_OBJC_ARC = YES;
				CLANG_ENABLE_OBJC_WEAK = YES;
				CLANG_WARN_BLOCK_CAPTURE_AUTORELEASING = YES;
				CLANG_WARN_BOOL_CONVERSION = YES;
				CLANG_WARN_COMMA = YES;
				CLANG_WARN_CONSTANT_CONVERSION = YES;
				CLANG_WARN_DEPRECATED_OBJC_IMPLEMENTATIONS = YES;
				CLANG_WARN_DIRECT_OBJC_ISA_USAGE = YES_ERROR;
				CLANG_WARN_DOCUMENTATION_COMMENTS = YES;
				CLANG_WARN_EMPTY_BODY = YES;
				CLANG_WARN_ENUM_CONVERSION = YES;
				CLANG_WARN_INFINITE_RECURSION = YES;
				CLANG_WARN_INT_CONVERSION = YES;
				CLANG_WARN_NON_LITERAL_NULL_CONVERSION = YES;
				CLANG_WARN_OBJC_IMPLICIT_RETAIN_SELF = YES;
				CLANG_WARN_OBJC_LITERAL_CONVERSION = YES;
				CLANG_WARN_OBJC_ROOT_CLASS = YES_ERROR;
				CLANG_WARN_QUOTED_INCLUDE_IN_FRAMEWORK_HEADER = YES;
				CLANG_WARN_RANGE_LOOP_ANALYSIS = YES;
				CLANG_WARN_STRICT_PROTOTYPES = YES;
				CLANG_WARN_SUSPICIOUS_MOVE = YES;
				CLANG_WARN_UNGUARDED_AVAILABILITY = YES_AGGRESSIVE;
				CLANG_WARN_UNREACHABLE_CODE = YES;
				CLANG_WARN__DUPLICATE_METHOD_MATCH = YES;
				COPY_PHASE_STRIP = NO;
				DEBUG_INFORMATION_FORMAT = dwarf;
				ENABLE_STRICT_OBJC_MSGSEND = YES;
				ENABLE_TESTABILITY = YES;
				GCC_C_LANGUAGE_STANDARD = gnu11;
				GCC_DYNAMIC_NO_PIC = NO;
				GCC_NO_COMMON_BLOCKS = YES;
				GCC_OPTIMIZATION_LEVEL = 0;
				GCC_PREPROCESSOR_DEFINITIONS = (
					"DEBUG=1",
					"$(inherited)",
				);
				GCC_WARN_64_TO_32_BIT_CONVERSION = YES;
				GCC_WARN_ABOUT_RETURN_TYPE = YES_ERROR;
				GCC_WARN_UNDECLARED_SELECTOR = YES;
				GCC_WARN_UNINITIALIZED_AUTOS = YES_AGGRESSIVE;
				GCC_WARN_UNUSED_FUNCTION = YES;
				GCC_WARN_UNUSED_VARIABLE = YES;
				IPHONEOS_DEPLOYMENT_TARGET = 15.0;
				MACOSX_DEPLOYMENT_TARGET = 12.0;
				MTL_ENABLE_DEBUG_INFO = INCLUDE_SOURCE;
				MTL_FAST_MATH = YES;
				ONLY_ACTIVE_ARCH = YES;
				SWIFT_ACTIVE_COMPILATION_CONDITIONS = DEBUG;
				SWIFT_OPTIMIZATION_LEVEL = "-Onone";
			};
			name = Debug;
		};
		554D699F26F9CD4D00CE42F7 /* Release */ = {
			isa = XCBuildConfiguration;
			buildSettings = {
				ALWAYS_SEARCH_USER_PATHS = NO;
				CLANG_ANALYZER_NONNULL = YES;
				CLANG_ANALYZER_NUMBER_OBJECT_CONVERSION = YES_AGGRESSIVE;
				CLANG_CXX_LANGUAGE_STANDARD = "gnu++17";
				CLANG_CXX_LIBRARY = "libc++";
				CLANG_ENABLE_MODULES = YES;
				CLANG_ENABLE_OBJC_ARC = YES;
				CLANG_ENABLE_OBJC_WEAK = YES;
				CLANG_WARN_BLOCK_CAPTURE_AUTORELEASING = YES;
				CLANG_WARN_BOOL_CONVERSION = YES;
				CLANG_WARN_COMMA = YES;
				CLANG_WARN_CONSTANT_CONVERSION = YES;
				CLANG_WARN_DEPRECATED_OBJC_IMPLEMENTATIONS = YES;
				CLANG_WARN_DIRECT_OBJC_ISA_USAGE = YES_ERROR;
				CLANG_WARN_DOCUMENTATION_COMMENTS = YES;
				CLANG_WARN_EMPTY_BODY = YES;
				CLANG_WARN_ENUM_CONVERSION = YES;
				CLANG_WARN_INFINITE_RECURSION = YES;
				CLANG_WARN_INT_CONVERSION = YES;
				CLANG_WARN_NON_LITERAL_NULL_CONVERSION = YES;
				CLANG_WARN_OBJC_IMPLICIT_RETAIN_SELF = YES;
				CLANG_WARN_OBJC_LITERAL_CONVERSION = YES;
				CLANG_WARN_OBJC_ROOT_CLASS = YES_ERROR;
				CLANG_WARN_QUOTED_INCLUDE_IN_FRAMEWORK_HEADER = YES;
				CLANG_WARN_RANGE_LOOP_ANALYSIS = YES;
				CLANG_WARN_STRICT_PROTOTYPES = YES;
				CLANG_WARN_SUSPICIOUS_MOVE = YES;
				CLANG_WARN_UNGUARDED_AVAILABILITY = YES_AGGRESSIVE;
				CLANG_WARN_UNREACHABLE_CODE = YES;
				CLANG_WARN__DUPLICATE_METHOD_MATCH = YES;
				COPY_PHASE_STRIP = NO;
				DEBUG_INFORMATION_FORMAT = "dwarf-with-dsym";
				ENABLE_NS_ASSERTIONS = NO;
				ENABLE_STRICT_OBJC_MSGSEND = YES;
				GCC_C_LANGUAGE_STANDARD = gnu11;
				GCC_NO_COMMON_BLOCKS = YES;
				GCC_WARN_64_TO_32_BIT_CONVERSION = YES;
				GCC_WARN_ABOUT_RETURN_TYPE = YES_ERROR;
				GCC_WARN_UNDECLARED_SELECTOR = YES;
				GCC_WARN_UNINITIALIZED_AUTOS = YES_AGGRESSIVE;
				GCC_WARN_UNUSED_FUNCTION = YES;
				GCC_WARN_UNUSED_VARIABLE = YES;
				IPHONEOS_DEPLOYMENT_TARGET = 15.0;
				MACOSX_DEPLOYMENT_TARGET = 12.0;
				MTL_ENABLE_DEBUG_INFO = NO;
				MTL_FAST_MATH = YES;
				SWIFT_COMPILATION_MODE = wholemodule;
				SWIFT_OPTIMIZATION_LEVEL = "-O";
			};
			name = Release;
		};
		554D69A126F9CD4D00CE42F7 /* Debug */ = {
			isa = XCBuildConfiguration;
			buildSettings = {
				ASSETCATALOG_COMPILER_APPICON_NAME = AppIcon;
				ASSETCATALOG_COMPILER_GLOBAL_ACCENT_COLOR_NAME = AccentColor;
				CODE_SIGN_STYLE = Automatic;
				CURRENT_PROJECT_VERSION = 1;
				DEVELOPMENT_TEAM = 5TBSDRPR3Y;
				ENABLE_PREVIEWS = YES;
				GENERATE_INFOPLIST_FILE = YES;
				INFOPLIST_KEY_UIApplicationSceneManifest_Generation = YES;
				INFOPLIST_KEY_UIApplicationSupportsIndirectInputEvents = YES;
				INFOPLIST_KEY_UILaunchScreen_Generation = YES;
				INFOPLIST_KEY_UISupportedInterfaceOrientations_iPad = "UIInterfaceOrientationPortrait UIInterfaceOrientationPortraitUpsideDown UIInterfaceOrientationLandscapeLeft UIInterfaceOrientationLandscapeRight";
				INFOPLIST_KEY_UISupportedInterfaceOrientations_iPhone = "UIInterfaceOrientationPortrait UIInterfaceOrientationLandscapeLeft UIInterfaceOrientationLandscapeRight";
				IPHONEOS_DEPLOYMENT_TARGET = 15.0;
				LD_RUNPATH_SEARCH_PATHS = (
					"$(inherited)",
					"@executable_path/Frameworks",
				);
				MARKETING_VERSION = 1.0;
				PRODUCT_BUNDLE_IDENTIFIER = georgeus.com.StraggeredGridApp;
				PRODUCT_NAME = StraggeredGridApp;
				SDKROOT = iphoneos;
				SWIFT_EMIT_LOC_STRINGS = YES;
				SWIFT_VERSION = 5.0;
				TARGETED_DEVICE_FAMILY = "1,2";
			};
			name = Debug;
		};
		554D69A226F9CD4D00CE42F7 /* Release */ = {
			isa = XCBuildConfiguration;
			buildSettings = {
				ASSETCATALOG_COMPILER_APPICON_NAME = AppIcon;
				ASSETCATALOG_COMPILER_GLOBAL_ACCENT_COLOR_NAME = AccentColor;
				CODE_SIGN_STYLE = Automatic;
				CURRENT_PROJECT_VERSION = 1;
				DEVELOPMENT_TEAM = 5TBSDRPR3Y;
				ENABLE_PREVIEWS = YES;
				GENERATE_INFOPLIST_FILE = YES;
				INFOPLIST_KEY_UIApplicationSceneManifest_Generation = YES;
				INFOPLIST_KEY_UIApplicationSupportsIndirectInputEvents = YES;
				INFOPLIST_KEY_UILaunchScreen_Generation = YES;
				INFOPLIST_KEY_UISupportedInterfaceOrientations_iPad = "UIInterfaceOrientationPortrait UIInterfaceOrientationPortraitUpsideDown UIInterfaceOrientationLandscapeLeft UIInterfaceOrientationLandscapeRight";
				INFOPLIST_KEY_UISupportedInterfaceOrientations_iPhone = "UIInterfaceOrientationPortrait UIInterfaceOrientationLandscapeLeft UIInterfaceOrientationLandscapeRight";
				IPHONEOS_DEPLOYMENT_TARGET = 15.0;
				LD_RUNPATH_SEARCH_PATHS = (
					"$(inherited)",
					"@executable_path/Frameworks",
				);
				MARKETING_VERSION = 1.0;
				PRODUCT_BUNDLE_IDENTIFIER = georgeus.com.StraggeredGridApp;
				PRODUCT_NAME = StraggeredGridApp;
				SDKROOT = iphoneos;
				SWIFT_EMIT_LOC_STRINGS = YES;
				SWIFT_VERSION = 5.0;
				TARGETED_DEVICE_FAMILY = "1,2";
				VALIDATE_PRODUCT = YES;
			};
			name = Release;
		};
		554D69A426F9CD4D00CE42F7 /* Debug */ = {
			isa = XCBuildConfiguration;
			buildSettings = {
				ASSETCATALOG_COMPILER_APPICON_NAME = AppIcon;
				ASSETCATALOG_COMPILER_GLOBAL_ACCENT_COLOR_NAME = AccentColor;
				CODE_SIGN_STYLE = Automatic;
				COMBINE_HIDPI_IMAGES = YES;
				CURRENT_PROJECT_VERSION = 1;
				DEVELOPMENT_TEAM = 5TBSDRPR3Y;
				ENABLE_APP_SANDBOX = YES;
				ENABLE_HARDENED_RUNTIME = YES;
				ENABLE_PREVIEWS = YES;
				ENABLE_USER_SELECTED_FILES = readonly;
				GENERATE_INFOPLIST_FILE = YES;
				INFOPLIST_KEY_NSHumanReadableCopyright = "";
				LD_RUNPATH_SEARCH_PATHS = (
					"$(inherited)",
					"@executable_path/../Frameworks",
				);
				MACOSX_DEPLOYMENT_TARGET = 11.0;
				MARKETING_VERSION = 1.0;
				PRODUCT_BUNDLE_IDENTIFIER = georgeus.com.StraggeredGridApp;
				PRODUCT_NAME = StraggeredGridApp;
				SDKROOT = macosx;
				SWIFT_EMIT_LOC_STRINGS = YES;
				SWIFT_VERSION = 5.0;
			};
			name = Debug;
		};
		554D69A526F9CD4D00CE42F7 /* Release */ = {
			isa = XCBuildConfiguration;
			buildSettings = {
				ASSETCATALOG_COMPILER_APPICON_NAME = AppIcon;
				ASSETCATALOG_COMPILER_GLOBAL_ACCENT_COLOR_NAME = AccentColor;
				CODE_SIGN_STYLE = Automatic;
				COMBINE_HIDPI_IMAGES = YES;
				CURRENT_PROJECT_VERSION = 1;
				DEVELOPMENT_TEAM = 5TBSDRPR3Y;
				ENABLE_APP_SANDBOX = YES;
				ENABLE_HARDENED_RUNTIME = YES;
				ENABLE_PREVIEWS = YES;
				ENABLE_USER_SELECTED_FILES = readonly;
				GENERATE_INFOPLIST_FILE = YES;
				INFOPLIST_KEY_NSHumanReadableCopyright = "";
				LD_RUNPATH_SEARCH_PATHS = (
					"$(inherited)",
					"@executable_path/../Frameworks",
				);
				MACOSX_DEPLOYMENT_TARGET = 11.0;
				MARKETING_VERSION = 1.0;
				PRODUCT_BUNDLE_IDENTIFIER = georgeus.com.StraggeredGridApp;
				PRODUCT_NAME = StraggeredGridApp;
				SDKROOT = macosx;
				SWIFT_EMIT_LOC_STRINGS = YES;
				SWIFT_VERSION = 5.0;
			};
			name = Release;
		};
		554D69A726F9CD4D00CE42F7 /* Debug */ = {
			isa = XCBuildConfiguration;
			buildSettings = {
				ALWAYS_EMBED_SWIFT_STANDARD_LIBRARIES = YES;
				CODE_SIGN_STYLE = Automatic;
				CURRENT_PROJECT_VERSION = 1;
				DEVELOPMENT_TEAM = 5TBSDRPR3Y;
				GENERATE_INFOPLIST_FILE = YES;
				IPHONEOS_DEPLOYMENT_TARGET = 15.0;
				LD_RUNPATH_SEARCH_PATHS = (
					"$(inherited)",
					"@executable_path/Frameworks",
					"@loader_path/Frameworks",
				);
				MARKETING_VERSION = 1.0;
				PRODUCT_BUNDLE_IDENTIFIER = "georgeus.com.Tests-iOS";
				PRODUCT_NAME = "$(TARGET_NAME)";
				SDKROOT = iphoneos;
				SWIFT_EMIT_LOC_STRINGS = NO;
				SWIFT_VERSION = 5.0;
				TARGETED_DEVICE_FAMILY = "1,2";
				TEST_TARGET_NAME = "StraggeredGridApp (iOS)";
			};
			name = Debug;
		};
		554D69A826F9CD4D00CE42F7 /* Release */ = {
			isa = XCBuildConfiguration;
			buildSettings = {
				ALWAYS_EMBED_SWIFT_STANDARD_LIBRARIES = YES;
				CODE_SIGN_STYLE = Automatic;
				CURRENT_PROJECT_VERSION = 1;
				DEVELOPMENT_TEAM = 5TBSDRPR3Y;
				GENERATE_INFOPLIST_FILE = YES;
				IPHONEOS_DEPLOYMENT_TARGET = 15.0;
				LD_RUNPATH_SEARCH_PATHS = (
					"$(inherited)",
					"@executable_path/Frameworks",
					"@loader_path/Frameworks",
				);
				MARKETING_VERSION = 1.0;
				PRODUCT_BUNDLE_IDENTIFIER = "georgeus.com.Tests-iOS";
				PRODUCT_NAME = "$(TARGET_NAME)";
				SDKROOT = iphoneos;
				SWIFT_EMIT_LOC_STRINGS = NO;
				SWIFT_VERSION = 5.0;
				TARGETED_DEVICE_FAMILY = "1,2";
				TEST_TARGET_NAME = "StraggeredGridApp (iOS)";
				VALIDATE_PRODUCT = YES;
			};
			name = Release;
		};
		554D69AA26F9CD4D00CE42F7 /* Debug */ = {
			isa = XCBuildConfiguration;
			buildSettings = {
				ALWAYS_EMBED_SWIFT_STANDARD_LIBRARIES = YES;
				CODE_SIGN_STYLE = Automatic;
				COMBINE_HIDPI_IMAGES = YES;
				CURRENT_PROJECT_VERSION = 1;
				DEVELOPMENT_TEAM = 5TBSDRPR3Y;
				GENERATE_INFOPLIST_FILE = YES;
				LD_RUNPATH_SEARCH_PATHS = (
					"$(inherited)",
					"@executable_path/../Frameworks",
					"@loader_path/../Frameworks",
				);
				MACOSX_DEPLOYMENT_TARGET = 12.0;
				MARKETING_VERSION = 1.0;
				PRODUCT_BUNDLE_IDENTIFIER = "georgeus.com.Tests-macOS";
				PRODUCT_NAME = "$(TARGET_NAME)";
				SDKROOT = macosx;
				SWIFT_EMIT_LOC_STRINGS = NO;
				SWIFT_VERSION = 5.0;
				TEST_TARGET_NAME = "StraggeredGridApp (macOS)";
			};
			name = Debug;
		};
		554D69AB26F9CD4D00CE42F7 /* Release */ = {
			isa = XCBuildConfiguration;
			buildSettings = {
				ALWAYS_EMBED_SWIFT_STANDARD_LIBRARIES = YES;
				CODE_SIGN_STYLE = Automatic;
				COMBINE_HIDPI_IMAGES = YES;
				CURRENT_PROJECT_VERSION = 1;
				DEVELOPMENT_TEAM = 5TBSDRPR3Y;
				GENERATE_INFOPLIST_FILE = YES;
				LD_RUNPATH_SEARCH_PATHS = (
					"$(inherited)",
					"@executable_path/../Frameworks",
					"@loader_path/../Frameworks",
				);
				MACOSX_DEPLOYMENT_TARGET = 12.0;
				MARKETING_VERSION = 1.0;
				PRODUCT_BUNDLE_IDENTIFIER = "georgeus.com.Tests-macOS";
				PRODUCT_NAME = "$(TARGET_NAME)";
				SDKROOT = macosx;
				SWIFT_EMIT_LOC_STRINGS = NO;
				SWIFT_VERSION = 5.0;
				TEST_TARGET_NAME = "StraggeredGridApp (macOS)";
			};
			name = Release;
		};
/* End XCBuildConfiguration section */

/* Begin XCConfigurationList section */
		554D697426F9CD4B00CE42F7 /* Build configuration list for PBXProject "StraggeredGridApp" */ = {
			isa = XCConfigurationList;
			buildConfigurations = (
				554D699E26F9CD4D00CE42F7 /* Debug */,
				554D699F26F9CD4D00CE42F7 /* Release */,
			);
			defaultConfigurationIsVisible = 0;
			defaultConfigurationName = Release;
		};
		554D69A026F9CD4D00CE42F7 /* Build configuration list for PBXNativeTarget "StraggeredGridApp (iOS)" */ = {
			isa = XCConfigurationList;
			buildConfigurations = (
				554D69A126F9CD4D00CE42F7 /* Debug */,
				554D69A226F9CD4D00CE42F7 /* Release */,
			);
			defaultConfigurationIsVisible = 0;
			defaultConfigurationName = Release;
		};
		554D69A326F9CD4D00CE42F7 /* Build configuration list for PBXNativeTarget "StraggeredGridApp (macOS)" */ = {
			isa = XCConfigurationList;
			buildConfigurations = (
				554D69A426F9CD4D00CE42F7 /* Debug */,
				554D69A526F9CD4D00CE42F7 /* Release */,
			);
			defaultConfigurationIsVisible = 0;
			defaultConfigurationName = Release;
		};
		554D69A626F9CD4D00CE42F7 /* Build configuration list for PBXNativeTarget "Tests iOS" */ = {
			isa = XCConfigurationList;
			buildConfigurations = (
				554D69A726F9CD4D00CE42F7 /* Debug */,
				554D69A826F9CD4D00CE42F7 /* Release */,
			);
			defaultConfigurationIsVisible = 0;
			defaultConfigurationName = Release;
		};
		554D69A926F9CD4D00CE42F7 /* Build configuration list for PBXNativeTarget "Tests macOS" */ = {
			isa = XCConfigurationList;
			buildConfigurations = (
				554D69AA26F9CD4D00CE42F7 /* Debug */,
				554D69AB26F9CD4D00CE42F7 /* Release */,
			);
			defaultConfigurationIsVisible = 0;
			defaultConfigurationName = Release;
		};
/* End XCConfigurationList section */
	};
	rootObject = 554D697126F9CD4B00CE42F7 /* Project object */;
}
